
Microsoft Visual Studio Solution File, Format Version 12.00
# Visual Studio 15
VisualStudioVersion = 15.0.28307.168
MinimumVisualStudioVersion = 10.0.40219.1
Project("{2150E333-8FDC-42A3-9474-1A3956D46DE8}") = "01 TouchNetCore.Component", "01 TouchNetCore.Component", "{AAB810FB-C8D8-419C-A464-9BEF80FB0DCB}"
EndProject
Project("{FAE04EC0-301F-11D3-BF4B-00C04F79EFBC}") = "TouchNetCore.Component.Utils", "01 TouchNetCore.Component\TouchNetCore.Component.Utils\TouchNetCore.Component.Utils.csproj", "{6B1ED805-445B-4E29-BF80-69F93B7E144E}"
EndProject
Global
	GlobalSection(SolutionConfigurationPlatforms) = preSolution
		Debug|Any CPU = Debug|Any CPU
		Release|Any CPU = Release|Any CPU
	EndGlobalSection
	GlobalSection(ProjectConfigurationPlatforms) = postSolution
		{6B1ED805-445B-4E29-BF80-69F93B7E144E}.Debug|Any CPU.ActiveCfg = Debug|Any CPU
		{6B1ED805-445B-4E29-BF80-69F93B7E144E}.Debug|Any CPU.Build.0 = Debug|Any CPU
		{6B1ED805-445B-4E29-BF80-69F93B7E144E}.Release|Any CPU.ActiveCfg = Release|Any CPU
		{6B1ED805-445B-4E29-BF80-69F93B7E144E}.Release|Any CPU.Build.0 = Release|Any CPU
	EndGlobalSection
	GlobalSection(SolutionProperties) = preSolution
		HideSolutionNode = FALSE
	EndGlobalSection
	GlobalSection(NestedProjects) = preSolution
		{6B1ED805-445B-4E29-BF80-69F93B7E144E} = {AAB810FB-C8D8-419C-A464-9BEF80FB0DCB}
	EndGlobalSection
	GlobalSection(ExtensibilityGlobals) = postSolution
		SolutionGuid = {682BE16B-10FE-4E19-909E-ED8B9441432D}
	EndGlobalSection
EndGlobal
